
Microsoft Visual Studio Solution File, Format Version 12.00
# Visual Studio Version 17
VisualStudioVersion = 17.11.35312.102
MinimumVisualStudioVersion = 10.0.40219.1
Project("{FAE04EC0-301F-11D3-BF4B-00C04F79EFBC}") = "SuperheroHomework", "SuperheroHomework.csproj", "{1A6C323B-7700-4A66-8BC7-9ECDEAB27AEA}"
EndProject
Global
	GlobalSection(SolutionConfigurationPlatforms) = preSolution
		Debug|Any CPU = Debug|Any CPU
		Release|Any CPU = Release|Any CPU
	EndGlobalSection
	GlobalSection(ProjectConfigurationPlatforms) = postSolution
		{1A6C323B-7700-4A66-8BC7-9ECDEAB27AEA}.Debug|Any CPU.ActiveCfg = Debug|Any CPU
		{1A6C323B-7700-4A66-8BC7-9ECDEAB27AEA}.Debug|Any CPU.Build.0 = Debug|Any CPU
		{1A6C323B-7700-4A66-8BC7-9ECDEAB27AEA}.Release|Any CPU.ActiveCfg = Release|Any CPU
		{1A6C323B-7700-4A66-8BC7-9ECDEAB27AEA}.Release|Any CPU.Build.0 = Release|Any CPU
	EndGlobalSection
	GlobalSection(SolutionProperties) = preSolution
		HideSolutionNode = FALSE
	EndGlobalSection
	GlobalSection(ExtensibilityGlobals) = postSolution
		SolutionGuid = {F8138CC9-4658-48FA-BD9A-38BB84CA84CB}
	EndGlobalSection
EndGlobal
